
Microsoft Visual Studio Solution File, Format Version 12.00
# Visual Studio Version 17
VisualStudioVersion = 17.9.34728.123
MinimumVisualStudioVersion = 10.0.40219.1
Project("{2150E333-8FDC-42A3-9474-1A3956D46DE8}") = "src", "src", "{CD9D9D3D-9F5A-4C23-9883-DE994AA14BA1}"
EndProject
Project("{FAE04EC0-301F-11D3-BF4B-00C04F79EFBC}") = "StrategyBank.API", "src\StrategyBank.API\StrategyBank.API.csproj", "{FF8F0552-77CA-4500-ADE8-B46E5313C69E}"
EndProject
Project("{FAE04EC0-301F-11D3-BF4B-00C04F79EFBC}") = "StrategyBank.Core", "src\StrategyBank.Core\StrategyBank.Core.csproj", "{2AB8B824-EC2E-4EBA-A6A4-C2EBB981C229}"
EndProject
Project("{FAE04EC0-301F-11D3-BF4B-00C04F79EFBC}") = "StrategyBank.Application", "src\StrategyBank.cs\StrategyBank.Application.csproj", "{6ECA6C1A-36D8-4193-9F3D-A5CB4927CD04}"
EndProject
Project("{FAE04EC0-301F-11D3-BF4B-00C04F79EFBC}") = "StrategyBank.Infrastructure", "src\StrategyBank.Infrastructure\StrategyBank.Infrastructure.csproj", "{8F7BCC5A-48B3-48C3-8104-7A37DA5D6022}"
EndProject
Global
	GlobalSection(SolutionConfigurationPlatforms) = preSolution
		Debug|Any CPU = Debug|Any CPU
		Release|Any CPU = Release|Any CPU
	EndGlobalSection
	GlobalSection(ProjectConfigurationPlatforms) = postSolution
		{FF8F0552-77CA-4500-ADE8-B46E5313C69E}.Debug|Any CPU.ActiveCfg = Debug|Any CPU
		{FF8F0552-77CA-4500-ADE8-B46E5313C69E}.Debug|Any CPU.Build.0 = Debug|Any CPU
		{FF8F0552-77CA-4500-ADE8-B46E5313C69E}.Release|Any CPU.ActiveCfg = Release|Any CPU
		{FF8F0552-77CA-4500-ADE8-B46E5313C69E}.Release|Any CPU.Build.0 = Release|Any CPU
		{2AB8B824-EC2E-4EBA-A6A4-C2EBB981C229}.Debug|Any CPU.ActiveCfg = Debug|Any CPU
		{2AB8B824-EC2E-4EBA-A6A4-C2EBB981C229}.Debug|Any CPU.Build.0 = Debug|Any CPU
		{2AB8B824-EC2E-4EBA-A6A4-C2EBB981C229}.Release|Any CPU.ActiveCfg = Release|Any CPU
		{2AB8B824-EC2E-4EBA-A6A4-C2EBB981C229}.Release|Any CPU.Build.0 = Release|Any CPU
		{6ECA6C1A-36D8-4193-9F3D-A5CB4927CD04}.Debug|Any CPU.ActiveCfg = Debug|Any CPU
		{6ECA6C1A-36D8-4193-9F3D-A5CB4927CD04}.Debug|Any CPU.Build.0 = Debug|Any CPU
		{6ECA6C1A-36D8-4193-9F3D-A5CB4927CD04}.Release|Any CPU.ActiveCfg = Release|Any CPU
		{6ECA6C1A-36D8-4193-9F3D-A5CB4927CD04}.Release|Any CPU.Build.0 = Release|Any CPU
		{8F7BCC5A-48B3-48C3-8104-7A37DA5D6022}.Debug|Any CPU.ActiveCfg = Debug|Any CPU
		{8F7BCC5A-48B3-48C3-8104-7A37DA5D6022}.Debug|Any CPU.Build.0 = Debug|Any CPU
		{8F7BCC5A-48B3-48C3-8104-7A37DA5D6022}.Release|Any CPU.ActiveCfg = Release|Any CPU
		{8F7BCC5A-48B3-48C3-8104-7A37DA5D6022}.Release|Any CPU.Build.0 = Release|Any CPU
	EndGlobalSection
	GlobalSection(SolutionProperties) = preSolution
		HideSolutionNode = FALSE
	EndGlobalSection
	GlobalSection(NestedProjects) = preSolution
		{FF8F0552-77CA-4500-ADE8-B46E5313C69E} = {CD9D9D3D-9F5A-4C23-9883-DE994AA14BA1}
		{2AB8B824-EC2E-4EBA-A6A4-C2EBB981C229} = {CD9D9D3D-9F5A-4C23-9883-DE994AA14BA1}
		{6ECA6C1A-36D8-4193-9F3D-A5CB4927CD04} = {CD9D9D3D-9F5A-4C23-9883-DE994AA14BA1}
		{8F7BCC5A-48B3-48C3-8104-7A37DA5D6022} = {CD9D9D3D-9F5A-4C23-9883-DE994AA14BA1}
	EndGlobalSection
	GlobalSection(ExtensibilityGlobals) = postSolution
		SolutionGuid = {5920E3F6-DD50-443D-AC10-DB50E3B57545}
	EndGlobalSection
EndGlobal
